// !$*UTF8*$!
{
	archiveVersion = 1;
	classes = {
	};
	objectVersion = 46;
	objects = {

/* Begin PBXBuildFile section */
		7F34AB8218A0116200CFCA91 /* Foundation.framework in Frameworks */ = {isa = PBXBuildFile; fileRef = 7F34AB8118A0116200CFCA91 /* Foundation.framework */; };
		7F34AB8418A0116200CFCA91 /* CoreGraphics.framework in Frameworks */ = {isa = PBXBuildFile; fileRef = 7F34AB8318A0116200CFCA91 /* CoreGraphics.framework */; };
		7F34AB8618A0116200CFCA91 /* UIKit.framework in Frameworks */ = {isa = PBXBuildFile; fileRef = 7F34AB8518A0116200CFCA91 /* UIKit.framework */; };
		7F34AB8C18A0116200CFCA91 /* InfoPlist.strings in Resources */ = {isa = PBXBuildFile; fileRef = 7F34AB8A18A0116200CFCA91 /* InfoPlist.strings */; };
		7F34AB8E18A0116200CFCA91 /* main.m in Sources */ = {isa = PBXBuildFile; fileRef = 7F34AB8D18A0116200CFCA91 /* main.m */; };
		7F34AB9218A0116200CFCA91 /* AppDelegate.m in Sources */ = {isa = PBXBuildFile; fileRef = 7F34AB9118A0116200CFCA91 /* AppDelegate.m */; };
		7F34AB9418A0116200CFCA91 /* Images.xcassets in Resources */ = {isa = PBXBuildFile; fileRef = 7F34AB9318A0116200CFCA91 /* Images.xcassets */; };
		7F34AB9B18A0116200CFCA91 /* XCTest.framework in Frameworks */ = {isa = PBXBuildFile; fileRef = 7F34AB9A18A0116200CFCA91 /* XCTest.framework */; };
		7F34AB9C18A0116200CFCA91 /* Foundation.framework in Frameworks */ = {isa = PBXBuildFile; fileRef = 7F34AB8118A0116200CFCA91 /* Foundation.framework */; };
		7F34AB9D18A0116200CFCA91 /* UIKit.framework in Frameworks */ = {isa = PBXBuildFile; fileRef = 7F34AB8518A0116200CFCA91 /* UIKit.framework */; };
		7F34ABA518A0116200CFCA91 /* InfoPlist.strings in Resources */ = {isa = PBXBuildFile; fileRef = 7F34ABA318A0116200CFCA91 /* InfoPlist.strings */; };
		7F34ABA718A0116200CFCA91 /* Fraction_CalculatorTests.m in Sources */ = {isa = PBXBuildFile; fileRef = 7F34ABA618A0116200CFCA91 /* Fraction_CalculatorTests.m */; };
		7F34ABB318A014FC00CFCA91 /* ViewController.m in Sources */ = {isa = PBXBuildFile; fileRef = 7F34ABB118A014FC00CFCA91 /* ViewController.m */; };
		7F34ABB418A014FC00CFCA91 /* ViewController.xib in Resources */ = {isa = PBXBuildFile; fileRef = 7F34ABB218A014FC00CFCA91 /* ViewController.xib */; };
		7F34ABB718A01E2000CFCA91 /* Calculator.m in Sources */ = {isa = PBXBuildFile; fileRef = 7F34ABB618A01E2000CFCA91 /* Calculator.m */; };
		7F34ABBA18A0765400CFCA91 /* Fraction.m in Sources */ = {isa = PBXBuildFile; fileRef = 7F34ABB918A0765400CFCA91 /* Fraction.m */; };
/* End PBXBuildFile section */

/* Begin PBXContainerItemProxy section */
		7F34AB9E18A0116200CFCA91 /* PBXContainerItemProxy */ = {
			isa = PBXContainerItemProxy;
			containerPortal = 7F34AB7618A0116200CFCA91 /* Project object */;
			proxyType = 1;
			remoteGlobalIDString = 7F34AB7D18A0116200CFCA91;
			remoteInfo = Fraction_Calculator;
		};
/* End PBXContainerItemProxy section */

/* Begin PBXFileReference section */
		7F34AB7E18A0116200CFCA91 /* Fraction_Calculator.app */ = {isa = PBXFileReference; explicitFileType = wrapper.application; includeInIndex = 0; path = Fraction_Calculator.app; sourceTree = BUILT_PRODUCTS_DIR; };
		7F34AB8118A0116200CFCA91 /* Foundation.framework */ = {isa = PBXFileReference; lastKnownFileType = wrapper.framework; name = Foundation.framework; path = System/Library/Frameworks/Foundation.framework; sourceTree = SDKROOT; };
		7F34AB8318A0116200CFCA91 /* CoreGraphics.framework */ = {isa = PBXFileReference; lastKnownFileType = wrapper.framework; name = CoreGraphics.framework; path = System/Library/Frameworks/CoreGraphics.framework; sourceTree = SDKROOT; };
		7F34AB8518A0116200CFCA91 /* UIKit.framework */ = {isa = PBXFileReference; lastKnownFileType = wrapper.framework; name = UIKit.framework; path = System/Library/Frameworks/UIKit.framework; sourceTree = SDKROOT; };
		7F34AB8918A0116200CFCA91 /* Fraction_Calculator-Info.plist */ = {isa = PBXFileReference; lastKnownFileType = text.plist.xml; path = "Fraction_Calculator-Info.plist"; sourceTree = "<group>"; };
		7F34AB8B18A0116200CFCA91 /* en */ = {isa = PBXFileReference; lastKnownFileType = text.plist.strings; name = en; path = en.lproj/InfoPlist.strings; sourceTree = "<group>"; };
		7F34AB8D18A0116200CFCA91 /* main.m */ = {isa = PBXFileReference; lastKnownFileType = sourcecode.c.objc; path = main.m; sourceTree = "<group>"; };
		7F34AB8F18A0116200CFCA91 /* Fraction_Calculator-Prefix.pch */ = {isa = PBXFileReference; lastKnownFileType = sourcecode.c.h; path = "Fraction_Calculator-Prefix.pch"; sourceTree = "<group>"; };
		7F34AB9018A0116200CFCA91 /* AppDelegate.h */ = {isa = PBXFileReference; lastKnownFileType = sourcecode.c.h; path = AppDelegate.h; sourceTree = "<group>"; };
		7F34AB9118A0116200CFCA91 /* AppDelegate.m */ = {isa = PBXFileReference; lastKnownFileType = sourcecode.c.objc; path = AppDelegate.m; sourceTree = "<group>"; };
		7F34AB9318A0116200CFCA91 /* Images.xcassets */ = {isa = PBXFileReference; lastKnownFileType = folder.assetcatalog; path = Images.xcassets; sourceTree = "<group>"; };
		7F34AB9918A0116200CFCA91 /* Fraction_CalculatorTests.xctest */ = {isa = PBXFileReference; explicitFileType = wrapper.cfbundle; includeInIndex = 0; path = Fraction_CalculatorTests.xctest; sourceTree = BUILT_PRODUCTS_DIR; };
		7F34AB9A18A0116200CFCA91 /* XCTest.framework */ = {isa = PBXFileReference; lastKnownFileType = wrapper.framework; name = XCTest.framework; path = Library/Frameworks/XCTest.framework; sourceTree = DEVELOPER_DIR; };
		7F34ABA218A0116200CFCA91 /* Fraction_CalculatorTests-Info.plist */ = {isa = PBXFileReference; lastKnownFileType = text.plist.xml; path = "Fraction_CalculatorTests-Info.plist"; sourceTree = "<group>"; };
		7F34ABA418A0116200CFCA91 /* en */ = {isa = PBXFileReference; lastKnownFileType = text.plist.strings; name = en; path = en.lproj/InfoPlist.strings; sourceTree = "<group>"; };
		7F34ABA618A0116200CFCA91 /* Fraction_CalculatorTests.m */ = {isa = PBXFileReference; lastKnownFileType = sourcecode.c.objc; path = Fraction_CalculatorTests.m; sourceTree = "<group>"; };
		7F34ABB018A014FC00CFCA91 /* ViewController.h */ = {isa = PBXFileReference; fileEncoding = 4; lastKnownFileType = sourcecode.c.h; path = ViewController.h; sourceTree = "<group>"; };
		7F34ABB118A014FC00CFCA91 /* ViewController.m */ = {isa = PBXFileReference; fileEncoding = 4; lastKnownFileType = sourcecode.c.objc; path = ViewController.m; sourceTree = "<group>"; };
		7F34ABB218A014FC00CFCA91 /* ViewController.xib */ = {isa = PBXFileReference; fileEncoding = 4; lastKnownFileType = file.xib; path = ViewController.xib; sourceTree = "<group>"; };
		7F34ABB518A01E2000CFCA91 /* Calculator.h */ = {isa = PBXFileReference; fileEncoding = 4; lastKnownFileType = sourcecode.c.h; path = Calculator.h; sourceTree = "<group>"; };
		7F34ABB618A01E2000CFCA91 /* Calculator.m */ = {isa = PBXFileReference; fileEncoding = 4; lastKnownFileType = sourcecode.c.objc; path = Calculator.m; sourceTree = "<group>"; };
		7F34ABB818A0765400CFCA91 /* Fraction.h */ = {isa = PBXFileReference; fileEncoding = 4; lastKnownFileType = sourcecode.c.h; path = Fraction.h; sourceTree = "<group>"; };
		7F34ABB918A0765400CFCA91 /* Fraction.m */ = {isa = PBXFileReference; fileEncoding = 4; lastKnownFileType = sourcecode.c.objc; path = Fraction.m; sourceTree = "<group>"; };
/* End PBXFileReference section */

/* Begin PBXFrameworksBuildPhase section */
		7F34AB7B18A0116200CFCA91 /* Frameworks */ = {
			isa = PBXFrameworksBuildPhase;
			buildActionMask = 2147483647;
			files = (
				7F34AB8418A0116200CFCA91 /* CoreGraphics.framework in Frameworks */,
				7F34AB8618A0116200CFCA91 /* UIKit.framework in Frameworks */,
				7F34AB8218A0116200CFCA91 /* Foundation.framework in Frameworks */,
			);
			runOnlyForDeploymentPostprocessing = 0;
		};
		7F34AB9618A0116200CFCA91 /* Frameworks */ = {
			isa = PBXFrameworksBuildPhase;
			buildActionMask = 2147483647;
			files = (
				7F34AB9B18A0116200CFCA91 /* XCTest.framework in Frameworks */,
				7F34AB9D18A0116200CFCA91 /* UIKit.framework in Frameworks */,
				7F34AB9C18A0116200CFCA91 /* Foundation.framework in Frameworks */,
			);
			runOnlyForDeploymentPostprocessing = 0;
		};
/* End PBXFrameworksBuildPhase section */

/* Begin PBXGroup section */
		7F34AB7518A0116200CFCA91 = {
			isa = PBXGroup;
			children = (
				7F34AB8718A0116200CFCA91 /* Fraction_Calculator */,
				7F34ABA018A0116200CFCA91 /* Fraction_CalculatorTests */,
				7F34AB8018A0116200CFCA91 /* Frameworks */,
				7F34AB7F18A0116200CFCA91 /* Products */,
			);
			sourceTree = "<group>";
		};
		7F34AB7F18A0116200CFCA91 /* Products */ = {
			isa = PBXGroup;
			children = (
				7F34AB7E18A0116200CFCA91 /* Fraction_Calculator.app */,
				7F34AB9918A0116200CFCA91 /* Fraction_CalculatorTests.xctest */,
			);
			name = Products;
			sourceTree = "<group>";
		};
		7F34AB8018A0116200CFCA91 /* Frameworks */ = {
			isa = PBXGroup;
			children = (
				7F34AB8118A0116200CFCA91 /* Foundation.framework */,
				7F34AB8318A0116200CFCA91 /* CoreGraphics.framework */,
				7F34AB8518A0116200CFCA91 /* UIKit.framework */,
				7F34AB9A18A0116200CFCA91 /* XCTest.framework */,
			);
			name = Frameworks;
			sourceTree = "<group>";
		};
		7F34AB8718A0116200CFCA91 /* Fraction_Calculator */ = {
			isa = PBXGroup;
			children = (
				7F34AB9018A0116200CFCA91 /* AppDelegate.h */,
				7F34ABB018A014FC00CFCA91 /* ViewController.h */,
				7F34ABB118A014FC00CFCA91 /* ViewController.m */,
				7F34ABB218A014FC00CFCA91 /* ViewController.xib */,
				7F34ABB818A0765400CFCA91 /* Fraction.h */,
				7F34ABB918A0765400CFCA91 /* Fraction.m */,
				7F34ABB518A01E2000CFCA91 /* Calculator.h */,
				7F34ABB618A01E2000CFCA91 /* Calculator.m */,
				7F34AB9118A0116200CFCA91 /* AppDelegate.m */,
				7F34AB9318A0116200CFCA91 /* Images.xcassets */,
				7F34AB8818A0116200CFCA91 /* Supporting Files */,
			);
			path = Fraction_Calculator;
			sourceTree = "<group>";
		};
		7F34AB8818A0116200CFCA91 /* Supporting Files */ = {
			isa = PBXGroup;
			children = (
				7F34AB8918A0116200CFCA91 /* Fraction_Calculator-Info.plist */,
				7F34AB8A18A0116200CFCA91 /* InfoPlist.strings */,
				7F34AB8D18A0116200CFCA91 /* main.m */,
				7F34AB8F18A0116200CFCA91 /* Fraction_Calculator-Prefix.pch */,
			);
			name = "Supporting Files";
			sourceTree = "<group>";
		};
		7F34ABA018A0116200CFCA91 /* Fraction_CalculatorTests */ = {
			isa = PBXGroup;
			children = (
				7F34ABA618A0116200CFCA91 /* Fraction_CalculatorTests.m */,
				7F34ABA118A0116200CFCA91 /* Supporting Files */,
			);
			path = Fraction_CalculatorTests;
			sourceTree = "<group>";
		};
		7F34ABA118A0116200CFCA91 /* Supporting Files */ = {
			isa = PBXGroup;
			children = (
				7F34ABA218A0116200CFCA91 /* Fraction_CalculatorTests-Info.plist */,
				7F34ABA318A0116200CFCA91 /* InfoPlist.strings */,
			);
			name = "Supporting Files";
			sourceTree = "<group>";
		};
/* End PBXGroup section */

/* Begin PBXNativeTarget section */
		7F34AB7D18A0116200CFCA91 /* Fraction_Calculator */ = {
			isa = PBXNativeTarget;
			buildConfigurationList = 7F34ABAA18A0116200CFCA91 /* Build configuration list for PBXNativeTarget "Fraction_Calculator" */;
			buildPhases = (
				7F34AB7A18A0116200CFCA91 /* Sources */,
				7F34AB7B18A0116200CFCA91 /* Frameworks */,
				7F34AB7C18A0116200CFCA91 /* Resources */,
			);
			buildRules = (
			);
			dependencies = (
			);
			name = Fraction_Calculator;
			productName = Fraction_Calculator;
			productReference = 7F34AB7E18A0116200CFCA91 /* Fraction_Calculator.app */;
			productType = "com.apple.product-type.application";
		};
		7F34AB9818A0116200CFCA91 /* Fraction_CalculatorTests */ = {
			isa = PBXNativeTarget;
			buildConfigurationList = 7F34ABAD18A0116200CFCA91 /* Build configuration list for PBXNativeTarget "Fraction_CalculatorTests" */;
			buildPhases = (
				7F34AB9518A0116200CFCA91 /* Sources */,
				7F34AB9618A0116200CFCA91 /* Frameworks */,
				7F34AB9718A0116200CFCA91 /* Resources */,
			);
			buildRules = (
			);
			dependencies = (
				7F34AB9F18A0116200CFCA91 /* PBXTargetDependency */,
			);
			name = Fraction_CalculatorTests;
			productName = Fraction_CalculatorTests;
			productReference = 7F34AB9918A0116200CFCA91 /* Fraction_CalculatorTests.xctest */;
			productType = "com.apple.product-type.bundle.unit-test";
		};
/* End PBXNativeTarget section */

/* Begin PBXProject section */
		7F34AB7618A0116200CFCA91 /* Project object */ = {
			isa = PBXProject;
			attributes = {
				LastUpgradeCheck = 0500;
				ORGANIZATIONNAME = "David Oramas";
				TargetAttributes = {
					7F34AB9818A0116200CFCA91 = {
						TestTargetID = 7F34AB7D18A0116200CFCA91;
					};
				};
			};
			buildConfigurationList = 7F34AB7918A0116200CFCA91 /* Build configuration list for PBXProject "Fraction_Calculator" */;
			compatibilityVersion = "Xcode 3.2";
			developmentRegion = English;
			hasScannedForEncodings = 0;
			knownRegions = (
				en,
			);
			mainGroup = 7F34AB7518A0116200CFCA91;
			productRefGroup = 7F34AB7F18A0116200CFCA91 /* Products */;
			projectDirPath = "";
			projectRoot = "";
			targets = (
				7F34AB7D18A0116200CFCA91 /* Fraction_Calculator */,
				7F34AB9818A0116200CFCA91 /* Fraction_CalculatorTests */,
			);
		};
/* End PBXProject section */

/* Begin PBXResourcesBuildPhase section */
		7F34AB7C18A0116200CFCA91 /* Resources */ = {
			isa = PBXResourcesBuildPhase;
			buildActionMask = 2147483647;
			files = (
				7F34AB8C18A0116200CFCA91 /* InfoPlist.strings in Resources */,
				7F34ABB418A014FC00CFCA91 /* ViewController.xib in Resources */,
				7F34AB9418A0116200CFCA91 /* Images.xcassets in Resources */,
			);
			runOnlyForDeploymentPostprocessing = 0;
		};
		7F34AB9718A0116200CFCA91 /* Resources */ = {
			isa = PBXResourcesBuildPhase;
			buildActionMask = 2147483647;
			files = (
				7F34ABA518A0116200CFCA91 /* InfoPlist.strings in Resources */,
			);
			runOnlyForDeploymentPostprocessing = 0;
		};
/* End PBXResourcesBuildPhase section */

/* Begin PBXSourcesBuildPhase section */
		7F34AB7A18A0116200CFCA91 /* Sources */ = {
			isa = PBXSourcesBuildPhase;
			buildActionMask = 2147483647;
			files = (
				7F34ABB318A014FC00CFCA91 /* ViewController.m in Sources */,
				7F34ABB718A01E2000CFCA91 /* Calculator.m in Sources */,
				7F34AB9218A0116200CFCA91 /* AppDelegate.m in Sources */,
				7F34AB8E18A0116200CFCA91 /* main.m in Sources */,
				7F34ABBA18A0765400CFCA91 /* Fraction.m in Sources */,
			);
			runOnlyForDeploymentPostprocessing = 0;
		};
		7F34AB9518A0116200CFCA91 /* Sources */ = {
			isa = PBXSourcesBuildPhase;
			buildActionMask = 2147483647;
			files = (
				7F34ABA718A0116200CFCA91 /* Fraction_CalculatorTests.m in Sources */,
			);
			runOnlyForDeploymentPostprocessing = 0;
		};
/* End PBXSourcesBuildPhase section */

/* Begin PBXTargetDependency section */
		7F34AB9F18A0116200CFCA91 /* PBXTargetDependency */ = {
			isa = PBXTargetDependency;
			target = 7F34AB7D18A0116200CFCA91 /* Fraction_Calculator */;
			targetProxy = 7F34AB9E18A0116200CFCA91 /* PBXContainerItemProxy */;
		};
/* End PBXTargetDependency section */

/* Begin PBXVariantGroup section */
		7F34AB8A18A0116200CFCA91 /* InfoPlist.strings */ = {
			isa = PBXVariantGroup;
			children = (
				7F34AB8B18A0116200CFCA91 /* en */,
			);
			name = InfoPlist.strings;
			sourceTree = "<group>";
		};
		7F34ABA318A0116200CFCA91 /* InfoPlist.strings */ = {
			isa = PBXVariantGroup;
			children = (
				7F34ABA418A0116200CFCA91 /* en */,
			);
			name = InfoPlist.strings;
			sourceTree = "<group>";
		};
/* End PBXVariantGroup section */

/* Begin XCBuildConfiguration section */
		7F34ABA818A0116200CFCA91 /* Debug */ = {
			isa = XCBuildConfiguration;
			buildSettings = {
				ALWAYS_SEARCH_USER_PATHS = NO;
				ARCHS = "$(ARCHS_STANDARD_INCLUDING_64_BIT)";
				CLANG_CXX_LANGUAGE_STANDARD = "gnu++0x";
				CLANG_CXX_LIBRARY = "libc++";
				CLANG_ENABLE_MODULES = YES;
				CLANG_ENABLE_OBJC_ARC = YES;
				CLANG_WARN_BOOL_CONVERSION = YES;
				CLANG_WARN_CONSTANT_CONVERSION = YES;
				CLANG_WARN_DIRECT_OBJC_ISA_USAGE = YES_ERROR;
				CLANG_WARN_EMPTY_BODY = YES;
				CLANG_WARN_ENUM_CONVERSION = YES;
				CLANG_WARN_INT_CONVERSION = YES;
				CLANG_WARN_OBJC_ROOT_CLASS = YES_ERROR;
				CLANG_WARN__DUPLICATE_METHOD_MATCH = YES;
				"CODE_SIGN_IDENTITY[sdk=iphoneos*]" = "iPhone Developer";
				COPY_PHASE_STRIP = NO;
				GCC_C_LANGUAGE_STANDARD = gnu99;
				GCC_DYNAMIC_NO_PIC = NO;
				GCC_OPTIMIZATION_LEVEL = 0;
				GCC_PREPROCESSOR_DEFINITIONS = (
					"DEBUG=1",
					"$(inherited)",
				);
				GCC_SYMBOLS_PRIVATE_EXTERN = NO;
				GCC_WARN_64_TO_32_BIT_CONVERSION = YES;
				GCC_WARN_ABOUT_RETURN_TYPE = YES_ERROR;
				GCC_WARN_UNDECLARED_SELECTOR = YES;
				GCC_WARN_UNINITIALIZED_AUTOS = YES;
				GCC_WARN_UNUSED_FUNCTION = YES;
				GCC_WARN_UNUSED_VARIABLE = YES;
				IPHONEOS_DEPLOYMENT_TARGET = 7.0;
				ONLY_ACTIVE_ARCH = YES;
				SDKROOT = iphoneos;
			};
			name = Debug;
		};
		7F34ABA918A0116200CFCA91 /* Release */ = {
			isa = XCBuildConfiguration;
			buildSettings = {
				ALWAYS_SEARCH_USER_PATHS = NO;
				ARCHS = "$(ARCHS_STANDARD_INCLUDING_64_BIT)";
				CLANG_CXX_LANGUAGE_STANDARD = "gnu++0x";
				CLANG_CXX_LIBRARY = "libc++";
				CLANG_ENABLE_MODULES = YES;
				CLANG_ENABLE_OBJC_ARC = YES;
				CLANG_WARN_BOOL_CONVERSION = YES;
				CLANG_WARN_CONSTANT_CONVERSION = YES;
				CLANG_WARN_DIRECT_OBJC_ISA_USAGE = YES_ERROR;
				CLANG_WARN_EMPTY_BODY = YES;
				CLANG_WARN_ENUM_CONVERSION = YES;
				CLANG_WARN_INT_CONVERSION = YES;
				CLANG_WARN_OBJC_ROOT_CLASS = YES_ERROR;
				CLANG_WARN__DUPLICATE_METHOD_MATCH = YES;
				"CODE_SIGN_IDENTITY[sdk=iphoneos*]" = "iPhone Developer";
				COPY_PHASE_STRIP = YES;
				ENABLE_NS_ASSERTIONS = NO;
				GCC_C_LANGUAGE_STANDARD = gnu99;
				GCC_WARN_64_TO_32_BIT_CONVERSION = YES;
				GCC_WARN_ABOUT_RETURN_TYPE = YES_ERROR;
				GCC_WARN_UNDECLARED_SELECTOR = YES;
				GCC_WARN_UNINITIALIZED_AUTOS = YES;
				GCC_WARN_UNUSED_FUNCTION = YES;
				GCC_WARN_UNUSED_VARIABLE = YES;
				IPHONEOS_DEPLOYMENT_TARGET = 7.0;
				SDKROOT = iphoneos;
				VALIDATE_PRODUCT = YES;
			};
			name = Release;
		};
		7F34ABAB18A0116200CFCA91 /* Debug */ = {
			isa = XCBuildConfiguration;
			buildSettings = {
				ASSETCATALOG_COMPILER_APPICON_NAME = AppIcon;
				ASSETCATALOG_COMPILER_LAUNCHIMAGE_NAME = LaunchImage;
				GCC_PRECOMPILE_PREFIX_HEADER = YES;
				GCC_PREFIX_HEADER = "Fraction_Calculator/Fraction_Calculator-Prefix.pch";
				INFOPLIST_FILE = "Fraction_Calculator/Fraction_Calculator-Info.plist";
				IPHONEOS_DEPLOYMENT_TARGET = 6.1;
				PRODUCT_NAME = "$(TARGET_NAME)";
				WRAPPER_EXTENSION = app;
			};
			name = Debug;
		};
		7F34ABAC18A0116200CFCA91 /* Release */ = {
			isa = XCBuildConfiguration;
			buildSettings = {
				ASSETCATALOG_COMPILER_APPICON_NAME = AppIcon;
				ASSETCATALOG_COMPILER_LAUNCHIMAGE_NAME = LaunchImage;
				GCC_PRECOMPILE_PREFIX_HEADER = YES;
				GCC_PREFIX_HEADER = "Fraction_Calculator/Fraction_Calculator-Prefix.pch";
				INFOPLIST_FILE = "Fraction_Calculator/Fraction_Calculator-Info.plist";
				IPHONEOS_DEPLOYMENT_TARGET = 6.1;
				PRODUCT_NAME = "$(TARGET_NAME)";
				WRAPPER_EXTENSION = app;
			};
			name = Release;
		};
		7F34ABAE18A0116200CFCA91 /* Debug */ = {
			isa = XCBuildConfiguration;
			buildSettings = {
				ARCHS = "$(ARCHS_STANDARD_INCLUDING_64_BIT)";
				BUNDLE_LOADER = "$(BUILT_PRODUCTS_DIR)/Fraction_Calculator.app/Fraction_Calculator";
				FRAMEWORK_SEARCH_PATHS = (
					"$(SDKROOT)/Developer/Library/Frameworks",
					"$(inherited)",
					"$(DEVELOPER_FRAMEWORKS_DIR)",
				);
				GCC_PRECOMPILE_PREFIX_HEADER = YES;
				GCC_PREFIX_HEADER = "Fraction_Calculator/Fraction_Calculator-Prefix.pch";
				GCC_PREPROCESSOR_DEFINITIONS = (
					"DEBUG=1",
					"$(inherited)",
				);
				INFOPLIST_FILE = "Fraction_CalculatorTests/Fraction_CalculatorTests-Info.plist";
				PRODUCT_NAME = "$(TARGET_NAME)";
				TEST_HOST = "$(BUNDLE_LOADER)";
				WRAPPER_EXTENSION = xctest;
			};
			name = Debug;
		};
		7F34ABAF18A0116200CFCA91 /* Release */ = {
			isa = XCBuildConfiguration;
			buildSettings = {
				ARCHS = "$(ARCHS_STANDARD_INCLUDING_64_BIT)";
				BUNDLE_LOADER = "$(BUILT_PRODUCTS_DIR)/Fraction_Calculator.app/Fraction_Calculator";
				FRAMEWORK_SEARCH_PATHS = (
					"$(SDKROOT)/Developer/Library/Frameworks",
					"$(inherited)",
					"$(DEVELOPER_FRAMEWORKS_DIR)",
				);
				GCC_PRECOMPILE_PREFIX_HEADER = YES;
				GCC_PREFIX_HEADER = "Fraction_Calculator/Fraction_Calculator-Prefix.pch";
				INFOPLIST_FILE = "Fraction_CalculatorTests/Fraction_CalculatorTests-Info.plist";
				PRODUCT_NAME = "$(TARGET_NAME)";
				TEST_HOST = "$(BUNDLE_LOADER)";
				WRAPPER_EXTENSION = xctest;
			};
			name = Release;
		};
/* End XCBuildConfiguration section */

/* Begin XCConfigurationList section */
		7F34AB7918A0116200CFCA91 /* Build configuration list for PBXProject "Fraction_Calculator" */ = {
			isa = XCConfigurationList;
			buildConfigurations = (
				7F34ABA818A0116200CFCA91 /* Debug */,
				7F34ABA918A0116200CFCA91 /* Release */,
			);
			defaultConfigurationIsVisible = 0;
			defaultConfigurationName = Release;
		};
		7F34ABAA18A0116200CFCA91 /* Build configuration list for PBXNativeTarget "Fraction_Calculator" */ = {
			isa = XCConfigurationList;
			buildConfigurations = (
				7F34ABAB18A0116200CFCA91 /* Debug */,
				7F34ABAC18A0116200CFCA91 /* Release */,
			);
			defaultConfigurationIsVisible = 0;
		};
		7F34ABAD18A0116200CFCA91 /* Build configuration list for PBXNativeTarget "Fraction_CalculatorTests" */ = {
			isa = XCConfigurationList;
			buildConfigurations = (
				7F34ABAE18A0116200CFCA91 /* Debug */,
				7F34ABAF18A0116200CFCA91 /* Release */,
			);
			defaultConfigurationIsVisible = 0;
		};
/* End XCConfigurationList section */
	};
	rootObject = 7F34AB7618A0116200CFCA91 /* Project object */;
}
